// !$*UTF8*$!
{
	archiveVersion = 1;
	classes = {
	};
	objectVersion = 46;
	objects = {

/* Begin PBXBuildFile section */
		F258EC491DD1035B000D029D /* RouteViewController.swift in Sources */ = {isa = PBXBuildFile; fileRef = F258EC471DD1035B000D029D /* RouteViewController.swift */; };
		F258EC4C1DD103A9000D029D /* RouteViewController.xib in Resources */ = {isa = PBXBuildFile; fileRef = F258EC4B1DD103A9000D029D /* RouteViewController.xib */; };
		F258EC4F1DD103DA000D029D /* SelectionViewController.swift in Sources */ = {isa = PBXBuildFile; fileRef = F258EC4D1DD103DA000D029D /* SelectionViewController.swift */; };
		F258EC531DD103F6000D029D /* StatsViewController.swift in Sources */ = {isa = PBXBuildFile; fileRef = F258EC511DD103F6000D029D /* StatsViewController.swift */; };
		F258EC571DD10426000D029D /* SelectionViewController.xib in Resources */ = {isa = PBXBuildFile; fileRef = F258EC551DD10426000D029D /* SelectionViewController.xib */; };
		F258EC581DD10426000D029D /* StatsViewController.xib in Resources */ = {isa = PBXBuildFile; fileRef = F258EC561DD10426000D029D /* StatsViewController.xib */; };
		F25CC0911DD0F7EE00A6786D /* AppDelegate.swift in Sources */ = {isa = PBXBuildFile; fileRef = F25CC08F1DD0F7EE00A6786D /* AppDelegate.swift */; };
		F25CC0941DD0F80000A6786D /* Assets.xcassets in Resources */ = {isa = PBXBuildFile; fileRef = F25CC0931DD0F80000A6786D /* Assets.xcassets */; };
		F28637BD1DD1484D004171D9 /* Extensions.swift in Sources */ = {isa = PBXBuildFile; fileRef = F28637BC1DD1484D004171D9 /* Extensions.swift */; };
		F28637BF1DD150E6004171D9 /* Route.swift in Sources */ = {isa = PBXBuildFile; fileRef = F28637BE1DD150E6004171D9 /* Route.swift */; };
		F2A15A7B1DD250E000B467A8 /* MapKit.framework in Frameworks */ = {isa = PBXBuildFile; fileRef = F2A15A7A1DD250E000B467A8 /* MapKit.framework */; };
		F2A15A7E1DD2B25900B467A8 /* User.swift in Sources */ = {isa = PBXBuildFile; fileRef = F2A15A7D1DD2B25900B467A8 /* User.swift */; };
		F2A15A801DD3AF6E00B467A8 /* CloudKit.framework in Frameworks */ = {isa = PBXBuildFile; fileRef = F2A15A7F1DD3AF6E00B467A8 /* CloudKit.framework */; };
/* End PBXBuildFile section */

/* Begin PBXFileReference section */
		F258EC471DD1035B000D029D /* RouteViewController.swift */ = {isa = PBXFileReference; fileEncoding = 4; lastKnownFileType = sourcecode.swift; name = RouteViewController.swift; path = Controllers/RouteViewController.swift; sourceTree = "<group>"; };
		F258EC4B1DD103A9000D029D /* RouteViewController.xib */ = {isa = PBXFileReference; fileEncoding = 4; lastKnownFileType = file.xib; name = RouteViewController.xib; path = Views/RouteViewController.xib; sourceTree = "<group>"; };
		F258EC4D1DD103DA000D029D /* SelectionViewController.swift */ = {isa = PBXFileReference; fileEncoding = 4; lastKnownFileType = sourcecode.swift; name = SelectionViewController.swift; path = Controllers/SelectionViewController.swift; sourceTree = "<group>"; };
		F258EC511DD103F6000D029D /* StatsViewController.swift */ = {isa = PBXFileReference; fileEncoding = 4; lastKnownFileType = sourcecode.swift; name = StatsViewController.swift; path = Controllers/StatsViewController.swift; sourceTree = "<group>"; };
		F258EC551DD10426000D029D /* SelectionViewController.xib */ = {isa = PBXFileReference; fileEncoding = 4; lastKnownFileType = file.xib; name = SelectionViewController.xib; path = Views/SelectionViewController.xib; sourceTree = "<group>"; };
		F258EC561DD10426000D029D /* StatsViewController.xib */ = {isa = PBXFileReference; fileEncoding = 4; lastKnownFileType = file.xib; name = StatsViewController.xib; path = Views/StatsViewController.xib; sourceTree = "<group>"; };
		F25CC0741DD0F5AF00A6786D /* SpeedTracker.app */ = {isa = PBXFileReference; explicitFileType = wrapper.application; includeInIndex = 0; path = SpeedTracker.app; sourceTree = BUILT_PRODUCTS_DIR; };
		F25CC0831DD0F5AF00A6786D /* Info.plist */ = {isa = PBXFileReference; lastKnownFileType = text.plist.xml; path = Info.plist; sourceTree = "<group>"; };
		F25CC08F1DD0F7EE00A6786D /* AppDelegate.swift */ = {isa = PBXFileReference; fileEncoding = 4; lastKnownFileType = sourcecode.swift; name = AppDelegate.swift; path = Controllers/AppDelegate.swift; sourceTree = "<group>"; };
		F25CC0931DD0F80000A6786D /* Assets.xcassets */ = {isa = PBXFileReference; lastKnownFileType = folder.assetcatalog; name = Assets.xcassets; path = Views/Assets.xcassets; sourceTree = "<group>"; };
		F28637BC1DD1484D004171D9 /* Extensions.swift */ = {isa = PBXFileReference; fileEncoding = 4; lastKnownFileType = sourcecode.swift; name = Extensions.swift; path = Support/Extensions.swift; sourceTree = "<group>"; };
		F28637BE1DD150E6004171D9 /* Route.swift */ = {isa = PBXFileReference; fileEncoding = 4; lastKnownFileType = sourcecode.swift; name = Route.swift; path = Models/Route.swift; sourceTree = "<group>"; };
		F2A15A7A1DD250E000B467A8 /* MapKit.framework */ = {isa = PBXFileReference; lastKnownFileType = wrapper.framework; name = MapKit.framework; path = System/Library/Frameworks/MapKit.framework; sourceTree = SDKROOT; };
		F2A15A7C1DD250FF00B467A8 /* SpeedTracker.entitlements */ = {isa = PBXFileReference; lastKnownFileType = text.plist.entitlements; path = SpeedTracker.entitlements; sourceTree = "<group>"; };
		F2A15A7D1DD2B25900B467A8 /* User.swift */ = {isa = PBXFileReference; fileEncoding = 4; lastKnownFileType = sourcecode.swift; name = User.swift; path = Models/User.swift; sourceTree = "<group>"; };
		F2A15A7F1DD3AF6E00B467A8 /* CloudKit.framework */ = {isa = PBXFileReference; lastKnownFileType = wrapper.framework; name = CloudKit.framework; path = System/Library/Frameworks/CloudKit.framework; sourceTree = SDKROOT; };
/* End PBXFileReference section */

/* Begin PBXFrameworksBuildPhase section */
		F25CC0711DD0F5AF00A6786D /* Frameworks */ = {
			isa = PBXFrameworksBuildPhase;
			buildActionMask = 2147483647;
			files = (
				F2A15A7B1DD250E000B467A8 /* MapKit.framework in Frameworks */,
				F2A15A801DD3AF6E00B467A8 /* CloudKit.framework in Frameworks */,
			);
			runOnlyForDeploymentPostprocessing = 0;
		};
/* End PBXFrameworksBuildPhase section */

/* Begin PBXGroup section */
		F25CC06B1DD0F5AF00A6786D = {
			isa = PBXGroup;
			children = (
				F25CC0761DD0F5AF00A6786D /* SpeedTracker */,
				F25CC0751DD0F5AF00A6786D /* Products */,
				F2A15A791DD250E000B467A8 /* Frameworks */,
			);
			sourceTree = "<group>";
		};
		F25CC0751DD0F5AF00A6786D /* Products */ = {
			isa = PBXGroup;
			children = (
				F25CC0741DD0F5AF00A6786D /* SpeedTracker.app */,
			);
			name = Products;
			sourceTree = "<group>";
		};
		F25CC0761DD0F5AF00A6786D /* SpeedTracker */ = {
			isa = PBXGroup;
			children = (
				F2A15A7C1DD250FF00B467A8 /* SpeedTracker.entitlements */,
				F25CC08D1DD0F6A400A6786D /* Controllers */,
				F25CC08C1DD0F69B00A6786D /* Models */,
				F25CC08B1DD0F65D00A6786D /* Views */,
				F25CC08E1DD0F6AB00A6786D /* Support */,
			);
			path = SpeedTracker;
			sourceTree = "<group>";
		};
		F25CC08B1DD0F65D00A6786D /* Views */ = {
			isa = PBXGroup;
			children = (
				F258EC4B1DD103A9000D029D /* RouteViewController.xib */,
				F258EC551DD10426000D029D /* SelectionViewController.xib */,
				F258EC561DD10426000D029D /* StatsViewController.xib */,
				F25CC0931DD0F80000A6786D /* Assets.xcassets */,
			);
			name = Views;
			sourceTree = "<group>";
		};
		F25CC08C1DD0F69B00A6786D /* Models */ = {
			isa = PBXGroup;
			children = (
				F28637BE1DD150E6004171D9 /* Route.swift */,
				F2A15A7D1DD2B25900B467A8 /* User.swift */,
			);
			name = Models;
			sourceTree = "<group>";
		};
		F25CC08D1DD0F6A400A6786D /* Controllers */ = {
			isa = PBXGroup;
			children = (
				F258EC471DD1035B000D029D /* RouteViewController.swift */,
				F258EC4D1DD103DA000D029D /* SelectionViewController.swift */,
				F258EC511DD103F6000D029D /* StatsViewController.swift */,
				F25CC08F1DD0F7EE00A6786D /* AppDelegate.swift */,
			);
			name = Controllers;
			sourceTree = "<group>";
		};
		F25CC08E1DD0F6AB00A6786D /* Support */ = {
			isa = PBXGroup;
			children = (
				F25CC0831DD0F5AF00A6786D /* Info.plist */,
				F28637BC1DD1484D004171D9 /* Extensions.swift */,
			);
			name = Support;
			sourceTree = "<group>";
		};
		F2A15A791DD250E000B467A8 /* Frameworks */ = {
			isa = PBXGroup;
			children = (
				F2A15A7F1DD3AF6E00B467A8 /* CloudKit.framework */,
				F2A15A7A1DD250E000B467A8 /* MapKit.framework */,
			);
			name = Frameworks;
			sourceTree = "<group>";
		};
/* End PBXGroup section */

/* Begin PBXNativeTarget section */
		F25CC0731DD0F5AF00A6786D /* SpeedTracker */ = {
			isa = PBXNativeTarget;
			buildConfigurationList = F25CC0861DD0F5AF00A6786D /* Build configuration list for PBXNativeTarget "SpeedTracker" */;
			buildPhases = (
				F25CC0701DD0F5AF00A6786D /* Sources */,
				F25CC0711DD0F5AF00A6786D /* Frameworks */,
				F25CC0721DD0F5AF00A6786D /* Resources */,
			);
			buildRules = (
			);
			dependencies = (
			);
			name = SpeedTracker;
			productName = SpeedTracker;
			productReference = F25CC0741DD0F5AF00A6786D /* SpeedTracker.app */;
			productType = "com.apple.product-type.application";
		};
/* End PBXNativeTarget section */

/* Begin PBXProject section */
		F25CC06C1DD0F5AF00A6786D /* Project object */ = {
			isa = PBXProject;
			attributes = {
				LastSwiftUpdateCheck = 0810;
				LastUpgradeCheck = 0810;
				ORGANIZATIONNAME = "Bastardized Productions";
				TargetAttributes = {
					F25CC0731DD0F5AF00A6786D = {
						CreatedOnToolsVersion = 8.1;
						DevelopmentTeam = KUNVAN4RR6;
						ProvisioningStyle = Automatic;
						SystemCapabilities = {
							com.apple.Maps.iOS = {
								enabled = 1;
							};
							com.apple.Push = {
								enabled = 0;
							};
							com.apple.iCloud = {
								enabled = 1;
							};
						};
					};
				};
			};
			buildConfigurationList = F25CC06F1DD0F5AF00A6786D /* Build configuration list for PBXProject "SpeedTracker" */;
			compatibilityVersion = "Xcode 3.2";
			developmentRegion = English;
			hasScannedForEncodings = 0;
			knownRegions = (
				en,
				Base,
			);
			mainGroup = F25CC06B1DD0F5AF00A6786D;
			productRefGroup = F25CC0751DD0F5AF00A6786D /* Products */;
			projectDirPath = "";
			projectRoot = "";
			targets = (
				F25CC0731DD0F5AF00A6786D /* SpeedTracker */,
			);
		};
/* End PBXProject section */

/* Begin PBXResourcesBuildPhase section */
		F25CC0721DD0F5AF00A6786D /* Resources */ = {
			isa = PBXResourcesBuildPhase;
			buildActionMask = 2147483647;
			files = (
				F258EC571DD10426000D029D /* SelectionViewController.xib in Resources */,
				F258EC4C1DD103A9000D029D /* RouteViewController.xib in Resources */,
				F258EC581DD10426000D029D /* StatsViewController.xib in Resources */,
				F25CC0941DD0F80000A6786D /* Assets.xcassets in Resources */,
			);
			runOnlyForDeploymentPostprocessing = 0;
		};
/* End PBXResourcesBuildPhase section */

/* Begin PBXSourcesBuildPhase section */
		F25CC0701DD0F5AF00A6786D /* Sources */ = {
			isa = PBXSourcesBuildPhase;
			buildActionMask = 2147483647;
			files = (
				F28637BD1DD1484D004171D9 /* Extensions.swift in Sources */,
				F258EC491DD1035B000D029D /* RouteViewController.swift in Sources */,
				F258EC4F1DD103DA000D029D /* SelectionViewController.swift in Sources */,
				F28637BF1DD150E6004171D9 /* Route.swift in Sources */,
				F258EC531DD103F6000D029D /* StatsViewController.swift in Sources */,
				F25CC0911DD0F7EE00A6786D /* AppDelegate.swift in Sources */,
				F2A15A7E1DD2B25900B467A8 /* User.swift in Sources */,
			);
			runOnlyForDeploymentPostprocessing = 0;
		};
/* End PBXSourcesBuildPhase section */

/* Begin XCBuildConfiguration section */
		F25CC0841DD0F5AF00A6786D /* Debug */ = {
			isa = XCBuildConfiguration;
			buildSettings = {
				ALWAYS_SEARCH_USER_PATHS = NO;
				CLANG_ANALYZER_NONNULL = YES;
				CLANG_CXX_LANGUAGE_STANDARD = "gnu++0x";
				CLANG_CXX_LIBRARY = "libc++";
				CLANG_ENABLE_MODULES = YES;
				CLANG_ENABLE_OBJC_ARC = YES;
				CLANG_WARN_BOOL_CONVERSION = YES;
				CLANG_WARN_CONSTANT_CONVERSION = YES;
				CLANG_WARN_DIRECT_OBJC_ISA_USAGE = YES_ERROR;
				CLANG_WARN_DOCUMENTATION_COMMENTS = YES;
				CLANG_WARN_EMPTY_BODY = YES;
				CLANG_WARN_ENUM_CONVERSION = YES;
				CLANG_WARN_INFINITE_RECURSION = YES;
				CLANG_WARN_INT_CONVERSION = YES;
				CLANG_WARN_OBJC_ROOT_CLASS = YES_ERROR;
				CLANG_WARN_SUSPICIOUS_MOVES = YES;
				CLANG_WARN_UNREACHABLE_CODE = YES;
				CLANG_WARN__DUPLICATE_METHOD_MATCH = YES;
				"CODE_SIGN_IDENTITY[sdk=iphoneos*]" = "iPhone Developer";
				COPY_PHASE_STRIP = NO;
				DEBUG_INFORMATION_FORMAT = dwarf;
				ENABLE_STRICT_OBJC_MSGSEND = YES;
				ENABLE_TESTABILITY = YES;
				GCC_C_LANGUAGE_STANDARD = gnu99;
				GCC_DYNAMIC_NO_PIC = NO;
				GCC_NO_COMMON_BLOCKS = YES;
				GCC_OPTIMIZATION_LEVEL = 0;
				GCC_PREPROCESSOR_DEFINITIONS = (
					"DEBUG=1",
					"$(inherited)",
				);
				GCC_WARN_64_TO_32_BIT_CONVERSION = YES;
				GCC_WARN_ABOUT_RETURN_TYPE = YES_ERROR;
				GCC_WARN_UNDECLARED_SELECTOR = YES;
				GCC_WARN_UNINITIALIZED_AUTOS = YES_AGGRESSIVE;
				GCC_WARN_UNUSED_FUNCTION = YES;
				GCC_WARN_UNUSED_VARIABLE = YES;
				IPHONEOS_DEPLOYMENT_TARGET = 10.1;
				MTL_ENABLE_DEBUG_INFO = YES;
				ONLY_ACTIVE_ARCH = YES;
				SDKROOT = iphoneos;
				SWIFT_ACTIVE_COMPILATION_CONDITIONS = DEBUG;
				SWIFT_OPTIMIZATION_LEVEL = "-Onone";
				TARGETED_DEVICE_FAMILY = "1,2";
			};
			name = Debug;
		};
		F25CC0851DD0F5AF00A6786D /* Release */ = {
			isa = XCBuildConfiguration;
			buildSettings = {
				ALWAYS_SEARCH_USER_PATHS = NO;
				CLANG_ANALYZER_NONNULL = YES;
				CLANG_CXX_LANGUAGE_STANDARD = "gnu++0x";
				CLANG_CXX_LIBRARY = "libc++";
				CLANG_ENABLE_MODULES = YES;
				CLANG_ENABLE_OBJC_ARC = YES;
				CLANG_WARN_BOOL_CONVERSION = YES;
				CLANG_WARN_CONSTANT_CONVERSION = YES;
				CLANG_WARN_DIRECT_OBJC_ISA_USAGE = YES_ERROR;
				CLANG_WARN_DOCUMENTATION_COMMENTS = YES;
				CLANG_WARN_EMPTY_BODY = YES;
				CLANG_WARN_ENUM_CONVERSION = YES;
				CLANG_WARN_INFINITE_RECURSION = YES;
				CLANG_WARN_INT_CONVERSION = YES;
				CLANG_WARN_OBJC_ROOT_CLASS = YES_ERROR;
				CLANG_WARN_SUSPICIOUS_MOVES = YES;
				CLANG_WARN_UNREACHABLE_CODE = YES;
				CLANG_WARN__DUPLICATE_METHOD_MATCH = YES;
				"CODE_SIGN_IDENTITY[sdk=iphoneos*]" = "iPhone Developer";
				COPY_PHASE_STRIP = NO;
				DEBUG_INFORMATION_FORMAT = "dwarf-with-dsym";
				ENABLE_NS_ASSERTIONS = NO;
				ENABLE_STRICT_OBJC_MSGSEND = YES;
				GCC_C_LANGUAGE_STANDARD = gnu99;
				GCC_NO_COMMON_BLOCKS = YES;
				GCC_WARN_64_TO_32_BIT_CONVERSION = YES;
				GCC_WARN_ABOUT_RETURN_TYPE = YES_ERROR;
				GCC_WARN_UNDECLARED_SELECTOR = YES;
				GCC_WARN_UNINITIALIZED_AUTOS = YES_AGGRESSIVE;
				GCC_WARN_UNUSED_FUNCTION = YES;
				GCC_WARN_UNUSED_VARIABLE = YES;
				IPHONEOS_DEPLOYMENT_TARGET = 10.1;
				MTL_ENABLE_DEBUG_INFO = NO;
				SDKROOT = iphoneos;
				SWIFT_OPTIMIZATION_LEVEL = "-Owholemodule";
				TARGETED_DEVICE_FAMILY = "1,2";
				VALIDATE_PRODUCT = YES;
			};
			name = Release;
		};
		F25CC0871DD0F5AF00A6786D /* Debug */ = {
			isa = XCBuildConfiguration;
			buildSettings = {
				ASSETCATALOG_COMPILER_APPICON_NAME = AppIcon;
				CODE_SIGN_ENTITLEMENTS = SpeedTracker/SpeedTracker.entitlements;
				DEVELOPMENT_TEAM = KUNVAN4RR6;
				INFOPLIST_FILE = SpeedTracker/Info.plist;
				IPHONEOS_DEPLOYMENT_TARGET = 10.0;
				LD_RUNPATH_SEARCH_PATHS = "$(inherited) @executable_path/Frameworks";
				PRODUCT_BUNDLE_IDENTIFIER = com.BastardizedProductions.SpeedTracker;
				PRODUCT_NAME = "$(TARGET_NAME)";
				SWIFT_VERSION = 3.0;
				TARGETED_DEVICE_FAMILY = 1;
			};
			name = Debug;
		};
		F25CC0881DD0F5AF00A6786D /* Release */ = {
			isa = XCBuildConfiguration;
			buildSettings = {
				ASSETCATALOG_COMPILER_APPICON_NAME = AppIcon;
				CODE_SIGN_ENTITLEMENTS = SpeedTracker/SpeedTracker.entitlements;
				DEVELOPMENT_TEAM = KUNVAN4RR6;
				INFOPLIST_FILE = SpeedTracker/Info.plist;
				IPHONEOS_DEPLOYMENT_TARGET = 10.0;
				LD_RUNPATH_SEARCH_PATHS = "$(inherited) @executable_path/Frameworks";
				PRODUCT_BUNDLE_IDENTIFIER = com.BastardizedProductions.SpeedTracker;
				PRODUCT_NAME = "$(TARGET_NAME)";
				SWIFT_VERSION = 3.0;
				TARGETED_DEVICE_FAMILY = 1;
			};
			name = Release;
		};
/* End XCBuildConfiguration section */

/* Begin XCConfigurationList section */
		F25CC06F1DD0F5AF00A6786D /* Build configuration list for PBXProject "SpeedTracker" */ = {
			isa = XCConfigurationList;
			buildConfigurations = (
				F25CC0841DD0F5AF00A6786D /* Debug */,
				F25CC0851DD0F5AF00A6786D /* Release */,
			);
			defaultConfigurationIsVisible = 0;
			defaultConfigurationName = Release;
		};
		F25CC0861DD0F5AF00A6786D /* Build configuration list for PBXNativeTarget "SpeedTracker" */ = {
			isa = XCConfigurationList;
			buildConfigurations = (
				F25CC0871DD0F5AF00A6786D /* Debug */,
				F25CC0881DD0F5AF00A6786D /* Release */,
			);
			defaultConfigurationIsVisible = 0;
			defaultConfigurationName = Release;
		};
/* End XCConfigurationList section */
	};
	rootObject = F25CC06C1DD0F5AF00A6786D /* Project object */;
}
