// !$*UTF8*$!
{
	archiveVersion = 1;
	classes = {
	};
	objectVersion = 46;
	objects = {

/* Begin PBXBuildFile section */
		F25CC0781DD0F5AF00A6786D /* AppDelegate.swift in Sources */ = {isa = PBXBuildFile; fileRef = F25CC0771DD0F5AF00A6786D /* AppDelegate.swift */; };
		F25CC07A1DD0F5AF00A6786D /* ViewController.swift in Sources */ = {isa = PBXBuildFile; fileRef = F25CC0791DD0F5AF00A6786D /* ViewController.swift */; };
		F25CC07D1DD0F5AF00A6786D /* Main.storyboard in Resources */ = {isa = PBXBuildFile; fileRef = F25CC07B1DD0F5AF00A6786D /* Main.storyboard */; };
		F25CC07F1DD0F5AF00A6786D /* Assets.xcassets in Resources */ = {isa = PBXBuildFile; fileRef = F25CC07E1DD0F5AF00A6786D /* Assets.xcassets */; };
		F25CC0821DD0F5AF00A6786D /* LaunchScreen.storyboard in Resources */ = {isa = PBXBuildFile; fileRef = F25CC0801DD0F5AF00A6786D /* LaunchScreen.storyboard */; };
/* End PBXBuildFile section */

/* Begin PBXFileReference section */
		F25CC0741DD0F5AF00A6786D /* SpeedTracker.app */ = {isa = PBXFileReference; explicitFileType = wrapper.application; includeInIndex = 0; path = SpeedTracker.app; sourceTree = BUILT_PRODUCTS_DIR; };
		F25CC0771DD0F5AF00A6786D /* AppDelegate.swift */ = {isa = PBXFileReference; lastKnownFileType = sourcecode.swift; path = AppDelegate.swift; sourceTree = "<group>"; };
		F25CC0791DD0F5AF00A6786D /* ViewController.swift */ = {isa = PBXFileReference; lastKnownFileType = sourcecode.swift; path = ViewController.swift; sourceTree = "<group>"; };
		F25CC07C1DD0F5AF00A6786D /* Base */ = {isa = PBXFileReference; lastKnownFileType = file.storyboard; name = Base; path = Base.lproj/Main.storyboard; sourceTree = "<group>"; };
		F25CC07E1DD0F5AF00A6786D /* Assets.xcassets */ = {isa = PBXFileReference; lastKnownFileType = folder.assetcatalog; path = Assets.xcassets; sourceTree = "<group>"; };
		F25CC0811DD0F5AF00A6786D /* Base */ = {isa = PBXFileReference; lastKnownFileType = file.storyboard; name = Base; path = Base.lproj/LaunchScreen.storyboard; sourceTree = "<group>"; };
		F25CC0831DD0F5AF00A6786D /* Info.plist */ = {isa = PBXFileReference; lastKnownFileType = text.plist.xml; path = Info.plist; sourceTree = "<group>"; };
/* End PBXFileReference section */

/* Begin PBXFrameworksBuildPhase section */
		F25CC0711DD0F5AF00A6786D /* Frameworks */ = {
			isa = PBXFrameworksBuildPhase;
			buildActionMask = 2147483647;
			files = (
			);
			runOnlyForDeploymentPostprocessing = 0;
		};
/* End PBXFrameworksBuildPhase section */

/* Begin PBXGroup section */
		F25CC06B1DD0F5AF00A6786D = {
			isa = PBXGroup;
			children = (
				F25CC0761DD0F5AF00A6786D /* SpeedTracker */,
				F25CC0751DD0F5AF00A6786D /* Products */,
			);
			sourceTree = "<group>";
		};
		F25CC0751DD0F5AF00A6786D /* Products */ = {
			isa = PBXGroup;
			children = (
				F25CC0741DD0F5AF00A6786D /* SpeedTracker.app */,
			);
			name = Products;
			sourceTree = "<group>";
		};
		F25CC0761DD0F5AF00A6786D /* SpeedTracker */ = {
			isa = PBXGroup;
			children = (
				F25CC0771DD0F5AF00A6786D /* AppDelegate.swift */,
				F25CC0791DD0F5AF00A6786D /* ViewController.swift */,
				F25CC07B1DD0F5AF00A6786D /* Main.storyboard */,
				F25CC07E1DD0F5AF00A6786D /* Assets.xcassets */,
				F25CC0801DD0F5AF00A6786D /* LaunchScreen.storyboard */,
				F25CC0831DD0F5AF00A6786D /* Info.plist */,
			);
			path = SpeedTracker;
			sourceTree = "<group>";
		};
/* End PBXGroup section */

/* Begin PBXNativeTarget section */
		F25CC0731DD0F5AF00A6786D /* SpeedTracker */ = {
			isa = PBXNativeTarget;
			buildConfigurationList = F25CC0861DD0F5AF00A6786D /* Build configuration list for PBXNativeTarget "SpeedTracker" */;
			buildPhases = (
				F25CC0701DD0F5AF00A6786D /* Sources */,
				F25CC0711DD0F5AF00A6786D /* Frameworks */,
				F25CC0721DD0F5AF00A6786D /* Resources */,
			);
			buildRules = (
			);
			dependencies = (
			);
			name = SpeedTracker;
			productName = SpeedTracker;
			productReference = F25CC0741DD0F5AF00A6786D /* SpeedTracker.app */;
			productType = "com.apple.product-type.application";
		};
/* End PBXNativeTarget section */

/* Begin PBXProject section */
		F25CC06C1DD0F5AF00A6786D /* Project object */ = {
			isa = PBXProject;
			attributes = {
				LastSwiftUpdateCheck = 0810;
				LastUpgradeCheck = 0810;
				ORGANIZATIONNAME = "Bastardized Productions";
				TargetAttributes = {
					F25CC0731DD0F5AF00A6786D = {
						CreatedOnToolsVersion = 8.1;
						DevelopmentTeam = KUNVAN4RR6;
						ProvisioningStyle = Automatic;
					};
				};
			};
			buildConfigurationList = F25CC06F1DD0F5AF00A6786D /* Build configuration list for PBXProject "SpeedTracker" */;
			compatibilityVersion = "Xcode 3.2";
			developmentRegion = English;
			hasScannedForEncodings = 0;
			knownRegions = (
				en,
				Base,
			);
			mainGroup = F25CC06B1DD0F5AF00A6786D;
			productRefGroup = F25CC0751DD0F5AF00A6786D /* Products */;
			projectDirPath = "";
			projectRoot = "";
			targets = (
				F25CC0731DD0F5AF00A6786D /* SpeedTracker */,
			);
		};
/* End PBXProject section */

/* Begin PBXResourcesBuildPhase section */
		F25CC0721DD0F5AF00A6786D /* Resources */ = {
			isa = PBXResourcesBuildPhase;
			buildActionMask = 2147483647;
			files = (
				F25CC0821DD0F5AF00A6786D /* LaunchScreen.storyboard in Resources */,
				F25CC07F1DD0F5AF00A6786D /* Assets.xcassets in Resources */,
				F25CC07D1DD0F5AF00A6786D /* Main.storyboard in Resources */,
			);
			runOnlyForDeploymentPostprocessing = 0;
		};
/* End PBXResourcesBuildPhase section */

/* Begin PBXSourcesBuildPhase section */
		F25CC0701DD0F5AF00A6786D /* Sources */ = {
			isa = PBXSourcesBuildPhase;
			buildActionMask = 2147483647;
			files = (
				F25CC07A1DD0F5AF00A6786D /* ViewController.swift in Sources */,
				F25CC0781DD0F5AF00A6786D /* AppDelegate.swift in Sources */,
			);
			runOnlyForDeploymentPostprocessing = 0;
		};
/* End PBXSourcesBuildPhase section */

/* Begin PBXVariantGroup section */
		F25CC07B1DD0F5AF00A6786D /* Main.storyboard */ = {
			isa = PBXVariantGroup;
			children = (
				F25CC07C1DD0F5AF00A6786D /* Base */,
			);
			name = Main.storyboard;
			sourceTree = "<group>";
		};
		F25CC0801DD0F5AF00A6786D /* LaunchScreen.storyboard */ = {
			isa = PBXVariantGroup;
			children = (
				F25CC0811DD0F5AF00A6786D /* Base */,
			);
			name = LaunchScreen.storyboard;
			sourceTree = "<group>";
		};
/* End PBXVariantGroup section */

/* Begin XCBuildConfiguration section */
		F25CC0841DD0F5AF00A6786D /* Debug */ = {
			isa = XCBuildConfiguration;
			buildSettings = {
				ALWAYS_SEARCH_USER_PATHS = NO;
				CLANG_ANALYZER_NONNULL = YES;
				CLANG_CXX_LANGUAGE_STANDARD = "gnu++0x";
				CLANG_CXX_LIBRARY = "libc++";
				CLANG_ENABLE_MODULES = YES;
				CLANG_ENABLE_OBJC_ARC = YES;
				CLANG_WARN_BOOL_CONVERSION = YES;
				CLANG_WARN_CONSTANT_CONVERSION = YES;
				CLANG_WARN_DIRECT_OBJC_ISA_USAGE = YES_ERROR;
				CLANG_WARN_DOCUMENTATION_COMMENTS = YES;
				CLANG_WARN_EMPTY_BODY = YES;
				CLANG_WARN_ENUM_CONVERSION = YES;
				CLANG_WARN_INFINITE_RECURSION = YES;
				CLANG_WARN_INT_CONVERSION = YES;
				CLANG_WARN_OBJC_ROOT_CLASS = YES_ERROR;
				CLANG_WARN_SUSPICIOUS_MOVES = YES;
				CLANG_WARN_UNREACHABLE_CODE = YES;
				CLANG_WARN__DUPLICATE_METHOD_MATCH = YES;
				"CODE_SIGN_IDENTITY[sdk=iphoneos*]" = "iPhone Developer";
				COPY_PHASE_STRIP = NO;
				DEBUG_INFORMATION_FORMAT = dwarf;
				ENABLE_STRICT_OBJC_MSGSEND = YES;
				ENABLE_TESTABILITY = YES;
				GCC_C_LANGUAGE_STANDARD = gnu99;
				GCC_DYNAMIC_NO_PIC = NO;
				GCC_NO_COMMON_BLOCKS = YES;
				GCC_OPTIMIZATION_LEVEL = 0;
				GCC_PREPROCESSOR_DEFINITIONS = (
					"DEBUG=1",
					"$(inherited)",
				);
				GCC_WARN_64_TO_32_BIT_CONVERSION = YES;
				GCC_WARN_ABOUT_RETURN_TYPE = YES_ERROR;
				GCC_WARN_UNDECLARED_SELECTOR = YES;
				GCC_WARN_UNINITIALIZED_AUTOS = YES_AGGRESSIVE;
				GCC_WARN_UNUSED_FUNCTION = YES;
				GCC_WARN_UNUSED_VARIABLE = YES;
				IPHONEOS_DEPLOYMENT_TARGET = 10.1;
				MTL_ENABLE_DEBUG_INFO = YES;
				ONLY_ACTIVE_ARCH = YES;
				SDKROOT = iphoneos;
				SWIFT_ACTIVE_COMPILATION_CONDITIONS = DEBUG;
				SWIFT_OPTIMIZATION_LEVEL = "-Onone";
				TARGETED_DEVICE_FAMILY = "1,2";
			};
			name = Debug;
		};
		F25CC0851DD0F5AF00A6786D /* Release */ = {
			isa = XCBuildConfiguration;
			buildSettings = {
				ALWAYS_SEARCH_USER_PATHS = NO;
				CLANG_ANALYZER_NONNULL = YES;
				CLANG_CXX_LANGUAGE_STANDARD = "gnu++0x";
				CLANG_CXX_LIBRARY = "libc++";
				CLANG_ENABLE_MODULES = YES;
				CLANG_ENABLE_OBJC_ARC = YES;
				CLANG_WARN_BOOL_CONVERSION = YES;
				CLANG_WARN_CONSTANT_CONVERSION = YES;
				CLANG_WARN_DIRECT_OBJC_ISA_USAGE = YES_ERROR;
				CLANG_WARN_DOCUMENTATION_COMMENTS = YES;
				CLANG_WARN_EMPTY_BODY = YES;
				CLANG_WARN_ENUM_CONVERSION = YES;
				CLANG_WARN_INFINITE_RECURSION = YES;
				CLANG_WARN_INT_CONVERSION = YES;
				CLANG_WARN_OBJC_ROOT_CLASS = YES_ERROR;
				CLANG_WARN_SUSPICIOUS_MOVES = YES;
				CLANG_WARN_UNREACHABLE_CODE = YES;
				CLANG_WARN__DUPLICATE_METHOD_MATCH = YES;
				"CODE_SIGN_IDENTITY[sdk=iphoneos*]" = "iPhone Developer";
				COPY_PHASE_STRIP = NO;
				DEBUG_INFORMATION_FORMAT = "dwarf-with-dsym";
				ENABLE_NS_ASSERTIONS = NO;
				ENABLE_STRICT_OBJC_MSGSEND = YES;
				GCC_C_LANGUAGE_STANDARD = gnu99;
				GCC_NO_COMMON_BLOCKS = YES;
				GCC_WARN_64_TO_32_BIT_CONVERSION = YES;
				GCC_WARN_ABOUT_RETURN_TYPE = YES_ERROR;
				GCC_WARN_UNDECLARED_SELECTOR = YES;
				GCC_WARN_UNINITIALIZED_AUTOS = YES_AGGRESSIVE;
				GCC_WARN_UNUSED_FUNCTION = YES;
				GCC_WARN_UNUSED_VARIABLE = YES;
				IPHONEOS_DEPLOYMENT_TARGET = 10.1;
				MTL_ENABLE_DEBUG_INFO = NO;
				SDKROOT = iphoneos;
				SWIFT_OPTIMIZATION_LEVEL = "-Owholemodule";
				TARGETED_DEVICE_FAMILY = "1,2";
				VALIDATE_PRODUCT = YES;
			};
			name = Release;
		};
		F25CC0871DD0F5AF00A6786D /* Debug */ = {
			isa = XCBuildConfiguration;
			buildSettings = {
				ASSETCATALOG_COMPILER_APPICON_NAME = AppIcon;
				DEVELOPMENT_TEAM = KUNVAN4RR6;
				INFOPLIST_FILE = SpeedTracker/Info.plist;
				LD_RUNPATH_SEARCH_PATHS = "$(inherited) @executable_path/Frameworks";
				PRODUCT_BUNDLE_IDENTIFIER = com.bastardized.jhearn.SpeedTracker;
				PRODUCT_NAME = "$(TARGET_NAME)";
				SWIFT_VERSION = 3.0;
			};
			name = Debug;
		};
		F25CC0881DD0F5AF00A6786D /* Release */ = {
			isa = XCBuildConfiguration;
			buildSettings = {
				ASSETCATALOG_COMPILER_APPICON_NAME = AppIcon;
				DEVELOPMENT_TEAM = KUNVAN4RR6;
				INFOPLIST_FILE = SpeedTracker/Info.plist;
				LD_RUNPATH_SEARCH_PATHS = "$(inherited) @executable_path/Frameworks";
				PRODUCT_BUNDLE_IDENTIFIER = com.bastardized.jhearn.SpeedTracker;
				PRODUCT_NAME = "$(TARGET_NAME)";
				SWIFT_VERSION = 3.0;
			};
			name = Release;
		};
/* End XCBuildConfiguration section */

/* Begin XCConfigurationList section */
		F25CC06F1DD0F5AF00A6786D /* Build configuration list for PBXProject "SpeedTracker" */ = {
			isa = XCConfigurationList;
			buildConfigurations = (
				F25CC0841DD0F5AF00A6786D /* Debug */,
				F25CC0851DD0F5AF00A6786D /* Release */,
			);
			defaultConfigurationIsVisible = 0;
			defaultConfigurationName = Release;
		};
		F25CC0861DD0F5AF00A6786D /* Build configuration list for PBXNativeTarget "SpeedTracker" */ = {
			isa = XCConfigurationList;
			buildConfigurations = (
				F25CC0871DD0F5AF00A6786D /* Debug */,
				F25CC0881DD0F5AF00A6786D /* Release */,
			);
			defaultConfigurationIsVisible = 0;
		};
/* End XCConfigurationList section */
	};
	rootObject = F25CC06C1DD0F5AF00A6786D /* Project object */;
}
